// !$*UTF8*$!
{
	archiveVersion = 1;
	classes = {
	};
	objectVersion = 50;
	objects = {

/* Begin PBXBuildFile section */
		A30F4516256C62B900A0B6D3 /* AppDelegate.swift in Sources */ = {isa = PBXBuildFile; fileRef = A30F4515256C62B900A0B6D3 /* AppDelegate.swift */; };
		A30F4518256C62B900A0B6D3 /* SceneDelegate.swift in Sources */ = {isa = PBXBuildFile; fileRef = A30F4517256C62B900A0B6D3 /* SceneDelegate.swift */; };
		A30F451A256C62B900A0B6D3 /* ViewController.swift in Sources */ = {isa = PBXBuildFile; fileRef = A30F4519256C62B900A0B6D3 /* ViewController.swift */; };
		A30F451D256C62B900A0B6D3 /* Main.storyboard in Resources */ = {isa = PBXBuildFile; fileRef = A30F451B256C62B900A0B6D3 /* Main.storyboard */; };
		A30F451F256C62BA00A0B6D3 /* Assets.xcassets in Resources */ = {isa = PBXBuildFile; fileRef = A30F451E256C62BA00A0B6D3 /* Assets.xcassets */; };
		A30F4522256C62BA00A0B6D3 /* LaunchScreen.storyboard in Resources */ = {isa = PBXBuildFile; fileRef = A30F4520256C62BA00A0B6D3 /* LaunchScreen.storyboard */; };
		A3155D5025AD3AA800897E99 /* ImageViewZoom.swift in Sources */ = {isa = PBXBuildFile; fileRef = A3155D4F25AD3AA800897E99 /* ImageViewZoom.swift */; };
		A320635D25A4BFC10036AC1E /* ChromaKeyFilter.swift in Sources */ = {isa = PBXBuildFile; fileRef = A320631825A4BFC00036AC1E /* ChromaKeyFilter.swift */; };
		A320635E25A4BFC10036AC1E /* LCEffector.swift in Sources */ = {isa = PBXBuildFile; fileRef = A320631925A4BFC00036AC1E /* LCEffector.swift */; };
		A320635F25A4BFC10036AC1E /* BlurEyeFilter.swift in Sources */ = {isa = PBXBuildFile; fileRef = A320631A25A4BFC00036AC1E /* BlurEyeFilter.swift */; };
		A320636025A4BFC10036AC1E /* LCEffectMenu.swift in Sources */ = {isa = PBXBuildFile; fileRef = A320631B25A4BFC00036AC1E /* LCEffectMenu.swift */; };
		A320636125A4BFC10036AC1E /* WarmthFilter.swift in Sources */ = {isa = PBXBuildFile; fileRef = A320631E25A4BFC00036AC1E /* WarmthFilter.swift */; };
		A320636225A4BFC10036AC1E /* VigentteFilter.swift in Sources */ = {isa = PBXBuildFile; fileRef = A320631F25A4BFC00036AC1E /* VigentteFilter.swift */; };
		A320636325A4BFC10036AC1E /* ExposureFilter.swift in Sources */ = {isa = PBXBuildFile; fileRef = A320632025A4BFC00036AC1E /* ExposureFilter.swift */; };
		A320636425A4BFC10036AC1E /* BrightnessFilter.swift in Sources */ = {isa = PBXBuildFile; fileRef = A320632125A4BFC00036AC1E /* BrightnessFilter.swift */; };
		A320636525A4BFC10036AC1E /* NoiseFilter.swift in Sources */ = {isa = PBXBuildFile; fileRef = A320632225A4BFC00036AC1E /* NoiseFilter.swift */; };
		A320636625A4BFC10036AC1E /* VibranceFilter.swift in Sources */ = {isa = PBXBuildFile; fileRef = A320632325A4BFC00036AC1E /* VibranceFilter.swift */; };
		A320636725A4BFC10036AC1E /* BlackpointFilter.swift in Sources */ = {isa = PBXBuildFile; fileRef = A320632425A4BFC00036AC1E /* BlackpointFilter.swift */; };
		A320636825A4BFC10036AC1E /* TintFilter.swift in Sources */ = {isa = PBXBuildFile; fileRef = A320632525A4BFC00036AC1E /* TintFilter.swift */; };
		A320636925A4BFC10036AC1E /* HighlightFilter.swift in Sources */ = {isa = PBXBuildFile; fileRef = A320632625A4BFC00036AC1E /* HighlightFilter.swift */; };
		A320636A25A4BFC10036AC1E /* BrillianceFilter.swift in Sources */ = {isa = PBXBuildFile; fileRef = A320632725A4BFC00036AC1E /* BrillianceFilter.swift */; };
		A320636B25A4BFC10036AC1E /* LCFilterMenu.swift in Sources */ = {isa = PBXBuildFile; fileRef = A320632825A4BFC00036AC1E /* LCFilterMenu.swift */; };
		A320636C25A4BFC10036AC1E /* LCFilter.swift in Sources */ = {isa = PBXBuildFile; fileRef = A320632925A4BFC00036AC1E /* LCFilter.swift */; };
		A320636D25A4BFC10036AC1E /* LCFilterCell.swift in Sources */ = {isa = PBXBuildFile; fileRef = A320632A25A4BFC00036AC1E /* LCFilterCell.swift */; };
		A320636E25A4BFC10036AC1E /* MultiEditorDelegate.swift in Sources */ = {isa = PBXBuildFile; fileRef = A320632C25A4BFC00036AC1E /* MultiEditorDelegate.swift */; };
		A320636F25A4BFC10036AC1E /* LCEditableView.swift in Sources */ = {isa = PBXBuildFile; fileRef = A320632D25A4BFC00036AC1E /* LCEditableView.swift */; };
		A320637025A4BFC10036AC1E /* MultiEditorDefine.swift in Sources */ = {isa = PBXBuildFile; fileRef = A320632E25A4BFC00036AC1E /* MultiEditorDefine.swift */; };
		A320637125A4BFC10036AC1E /* MultiEditorExtensions.swift in Sources */ = {isa = PBXBuildFile; fileRef = A320632F25A4BFC00036AC1E /* MultiEditorExtensions.swift */; };
		A320637225A4BFC10036AC1E /* MultiEditor+Layout.swift in Sources */ = {isa = PBXBuildFile; fileRef = A320633025A4BFC00036AC1E /* MultiEditor+Layout.swift */; };
		A320637325A4BFC10036AC1E /* LCEditableView+UIScrollView.swift in Sources */ = {isa = PBXBuildFile; fileRef = A320633125A4BFC00036AC1E /* LCEditableView+UIScrollView.swift */; };
		A320637425A4BFC10036AC1E /* LCMultiImageEditor.swift in Sources */ = {isa = PBXBuildFile; fileRef = A320633225A4BFC00036AC1E /* LCMultiImageEditor.swift */; };
		A320637525A4BFC10036AC1E /* LCSegment.swift in Sources */ = {isa = PBXBuildFile; fileRef = A320633525A4BFC00036AC1E /* LCSegment.swift */; };
		A320637625A4BFC10036AC1E /* LCSegmentItem.swift in Sources */ = {isa = PBXBuildFile; fileRef = A320633625A4BFC00036AC1E /* LCSegmentItem.swift */; };
		A320637725A4BFC10036AC1E /* CustomButton.swift in Sources */ = {isa = PBXBuildFile; fileRef = A320633725A4BFC00036AC1E /* CustomButton.swift */; };
		A320637825A4BFC10036AC1E /* HorizontalDial.swift in Sources */ = {isa = PBXBuildFile; fileRef = A320633925A4BFC00036AC1E /* HorizontalDial.swift */; };
		A320637925A4BFC10036AC1E /* LCLoadingView.swift in Sources */ = {isa = PBXBuildFile; fileRef = A320633A25A4BFC00036AC1E /* LCLoadingView.swift */; };
		A320637A25A4BFC10036AC1E /* LCCropView+UITouch.swift in Sources */ = {isa = PBXBuildFile; fileRef = A320633C25A4BFC00036AC1E /* LCCropView+UITouch.swift */; };
		A320637B25A4BFC10036AC1E /* LCCropView.swift in Sources */ = {isa = PBXBuildFile; fileRef = A320633D25A4BFC00036AC1E /* LCCropView.swift */; };
		A320637C25A4BFC10036AC1E /* LCCropCornerView.swift in Sources */ = {isa = PBXBuildFile; fileRef = A320633E25A4BFC00036AC1E /* LCCropCornerView.swift */; };
		A320637D25A4BFC10036AC1E /* LCCropMaskView.swift in Sources */ = {isa = PBXBuildFile; fileRef = A320633F25A4BFC00036AC1E /* LCCropMaskView.swift */; };
		A320637E25A4BFC10036AC1E /* LCCropViewDelegate.swift in Sources */ = {isa = PBXBuildFile; fileRef = A320634025A4BFC00036AC1E /* LCCropViewDelegate.swift */; };
		A320637F25A4BFC10036AC1E /* LCCropView+AspectRatio.swift in Sources */ = {isa = PBXBuildFile; fileRef = A320634125A4BFC00036AC1E /* LCCropView+AspectRatio.swift */; };
		A320638025A4BFC10036AC1E /* LCCropView+Lines.swift in Sources */ = {isa = PBXBuildFile; fileRef = A320634225A4BFC00036AC1E /* LCCropView+Lines.swift */; };
		A320638125A4BFC10036AC1E /* LCCropLine.swift in Sources */ = {isa = PBXBuildFile; fileRef = A320634325A4BFC00036AC1E /* LCCropLine.swift */; };
		A320638225A4BFC10036AC1E /* LCCropView+NSLayoutConstraints.swift in Sources */ = {isa = PBXBuildFile; fileRef = A320634425A4BFC00036AC1E /* LCCropView+NSLayoutConstraints.swift */; };
		A320638325A4BFC10036AC1E /* LCImageView.swift in Sources */ = {isa = PBXBuildFile; fileRef = A320634625A4BFC00036AC1E /* LCImageView.swift */; };
		A320638425A4BFC10036AC1E /* LCImageView+UIScrollView.swift in Sources */ = {isa = PBXBuildFile; fileRef = A320634725A4BFC00036AC1E /* LCImageView+UIScrollView.swift */; };
		A320638525A4BFC10036AC1E /* LCImageViewDelegate.swift in Sources */ = {isa = PBXBuildFile; fileRef = A320634825A4BFC00036AC1E /* LCImageViewDelegate.swift */; };
		A320638625A4BFC10036AC1E /* LCImageScrollView.swift in Sources */ = {isa = PBXBuildFile; fileRef = A320634925A4BFC00036AC1E /* LCImageScrollView.swift */; };
		A320638725A4BFC10036AC1E /* LCImageView+UITouch.swift in Sources */ = {isa = PBXBuildFile; fileRef = A320634A25A4BFC00036AC1E /* LCImageView+UITouch.swift */; };
		A320638825A4BFC10036AC1E /* LCImageView+Mask.swift in Sources */ = {isa = PBXBuildFile; fileRef = A320634B25A4BFC00036AC1E /* LCImageView+Mask.swift */; };
		A320638925A4BFC10036AC1E /* LCImageView+Radian.swift in Sources */ = {isa = PBXBuildFile; fileRef = A320634C25A4BFC00036AC1E /* LCImageView+Radian.swift */; };
		A320638A25A4BFC10036AC1E /* LCImageContentView.swift in Sources */ = {isa = PBXBuildFile; fileRef = A320634D25A4BFC00036AC1E /* LCImageContentView.swift */; };
		A320638B25A4BFC10036AC1E /* LCImageView+AspectRatio.swift in Sources */ = {isa = PBXBuildFile; fileRef = A320634E25A4BFC00036AC1E /* LCImageView+AspectRatio.swift */; };
		A320638C25A4BFC10036AC1E /* LCImageView+LCCropView.swift in Sources */ = {isa = PBXBuildFile; fileRef = A320634F25A4BFC00036AC1E /* LCImageView+LCCropView.swift */; };
		A320638D25A4BFC10036AC1E /* LCImageView+NSLayoutConstraints.swift in Sources */ = {isa = PBXBuildFile; fileRef = A320635025A4BFC00036AC1E /* LCImageView+NSLayoutConstraints.swift */; };
		A320638E25A4BFC10036AC1E /* LCImageEditor+Radian.swift in Sources */ = {isa = PBXBuildFile; fileRef = A320635225A4BFC00036AC1E /* LCImageEditor+Radian.swift */; };
		A320638F25A4BFC10036AC1E /* LCImageEditor+PhotoLibrary.swift in Sources */ = {isa = PBXBuildFile; fileRef = A320635325A4BFC00036AC1E /* LCImageEditor+PhotoLibrary.swift */; };
		A320639025A4BFC10036AC1E /* LCRadian.swift in Sources */ = {isa = PBXBuildFile; fileRef = A320635425A4BFC00036AC1E /* LCRadian.swift */; };
		A320639125A4BFC10036AC1E /* LCImageEditor+Custom.swift in Sources */ = {isa = PBXBuildFile; fileRef = A320635525A4BFC00036AC1E /* LCImageEditor+Custom.swift */; };
		A320639225A4BFC10036AC1E /* LCImageEditorExtensions.swift in Sources */ = {isa = PBXBuildFile; fileRef = A320635625A4BFC00036AC1E /* LCImageEditorExtensions.swift */; };
		A320639325A4BFC10036AC1E /* LCImageEditorConstants.swift in Sources */ = {isa = PBXBuildFile; fileRef = A320635725A4BFC00036AC1E /* LCImageEditorConstants.swift */; };
		A320639425A4BFC10036AC1E /* LCImageEditor+AspectRatio.swift in Sources */ = {isa = PBXBuildFile; fileRef = A320635825A4BFC00036AC1E /* LCImageEditor+AspectRatio.swift */; };
		A320639525A4BFC10036AC1E /* ImageEditorVC.swift in Sources */ = {isa = PBXBuildFile; fileRef = A320635A25A4BFC00036AC1E /* ImageEditorVC.swift */; };
		A320639625A4BFC10036AC1E /* LCImageEditorDelegate.swift in Sources */ = {isa = PBXBuildFile; fileRef = A320635B25A4BFC00036AC1E /* LCImageEditorDelegate.swift */; };
		A320639725A4BFC10036AC1E /* LCImageEditor.swift in Sources */ = {isa = PBXBuildFile; fileRef = A320635C25A4BFC00036AC1E /* LCImageEditor.swift */; };
		A32063A525A601270036AC1E /* LCMultiImageEditor+NSLayoutConstraints.swift in Sources */ = {isa = PBXBuildFile; fileRef = A32063A425A601270036AC1E /* LCMultiImageEditor+NSLayoutConstraints.swift */; };
		A391EA2225A9EC9C000E9C1B /* PreviewView.swift in Sources */ = {isa = PBXBuildFile; fileRef = A391EA1A25A9EC9C000E9C1B /* PreviewView.swift */; };
		A391EA2325A9EC9C000E9C1B /* ColorSlider.swift in Sources */ = {isa = PBXBuildFile; fileRef = A391EA1B25A9EC9C000E9C1B /* ColorSlider.swift */; };
		A391EA2425A9EC9C000E9C1B /* Gradient.swift in Sources */ = {isa = PBXBuildFile; fileRef = A391EA1D25A9EC9C000E9C1B /* Gradient.swift */; };
		A391EA2525A9EC9C000E9C1B /* ColorSliderExtensions.swift in Sources */ = {isa = PBXBuildFile; fileRef = A391EA1E25A9EC9C000E9C1B /* ColorSliderExtensions.swift */; };
		A391EA2625A9EC9C000E9C1B /* HSBColor.swift in Sources */ = {isa = PBXBuildFile; fileRef = A391EA1F25A9EC9C000E9C1B /* HSBColor.swift */; };
		A391EA2725A9EC9C000E9C1B /* GradientView.swift in Sources */ = {isa = PBXBuildFile; fileRef = A391EA2025A9EC9C000E9C1B /* GradientView.swift */; };
		A391EA2825A9EC9C000E9C1B /* DefaultPreviewView.swift in Sources */ = {isa = PBXBuildFile; fileRef = A391EA2125A9EC9C000E9C1B /* DefaultPreviewView.swift */; };
		A391EA2A25AA83D1000E9C1B /* LCCropToolBar.swift in Sources */ = {isa = PBXBuildFile; fileRef = A391EA2925AA83D1000E9C1B /* LCCropToolBar.swift */; };
		A391EA2D25AC78F4000E9C1B /* LCSliderView.swift in Sources */ = {isa = PBXBuildFile; fileRef = A391EA2C25AC78F4000E9C1B /* LCSliderView.swift */; };
/* End PBXBuildFile section */

/* Begin PBXFileReference section */
		A30F4512256C62B900A0B6D3 /* LCImageEditorExample.app */ = {isa = PBXFileReference; explicitFileType = wrapper.application; includeInIndex = 0; path = LCImageEditorExample.app; sourceTree = BUILT_PRODUCTS_DIR; };
		A30F4515256C62B900A0B6D3 /* AppDelegate.swift */ = {isa = PBXFileReference; lastKnownFileType = sourcecode.swift; path = AppDelegate.swift; sourceTree = "<group>"; };
		A30F4517256C62B900A0B6D3 /* SceneDelegate.swift */ = {isa = PBXFileReference; lastKnownFileType = sourcecode.swift; path = SceneDelegate.swift; sourceTree = "<group>"; };
		A30F4519256C62B900A0B6D3 /* ViewController.swift */ = {isa = PBXFileReference; lastKnownFileType = sourcecode.swift; path = ViewController.swift; sourceTree = "<group>"; };
		A30F451C256C62B900A0B6D3 /* Base */ = {isa = PBXFileReference; lastKnownFileType = file.storyboard; name = Base; path = Base.lproj/Main.storyboard; sourceTree = "<group>"; };
		A30F451E256C62BA00A0B6D3 /* Assets.xcassets */ = {isa = PBXFileReference; lastKnownFileType = folder.assetcatalog; path = Assets.xcassets; sourceTree = "<group>"; };
		A30F4521256C62BA00A0B6D3 /* Base */ = {isa = PBXFileReference; lastKnownFileType = file.storyboard; name = Base; path = Base.lproj/LaunchScreen.storyboard; sourceTree = "<group>"; };
		A30F4523256C62BA00A0B6D3 /* Info.plist */ = {isa = PBXFileReference; lastKnownFileType = text.plist.xml; path = Info.plist; sourceTree = "<group>"; };
		A3155D4F25AD3AA800897E99 /* ImageViewZoom.swift */ = {isa = PBXFileReference; fileEncoding = 4; lastKnownFileType = sourcecode.swift; path = ImageViewZoom.swift; sourceTree = "<group>"; };
		A320631825A4BFC00036AC1E /* ChromaKeyFilter.swift */ = {isa = PBXFileReference; fileEncoding = 4; lastKnownFileType = sourcecode.swift; path = ChromaKeyFilter.swift; sourceTree = "<group>"; };
		A320631925A4BFC00036AC1E /* LCEffector.swift */ = {isa = PBXFileReference; fileEncoding = 4; lastKnownFileType = sourcecode.swift; path = LCEffector.swift; sourceTree = "<group>"; };
		A320631A25A4BFC00036AC1E /* BlurEyeFilter.swift */ = {isa = PBXFileReference; fileEncoding = 4; lastKnownFileType = sourcecode.swift; path = BlurEyeFilter.swift; sourceTree = "<group>"; };
		A320631B25A4BFC00036AC1E /* LCEffectMenu.swift */ = {isa = PBXFileReference; fileEncoding = 4; lastKnownFileType = sourcecode.swift; path = LCEffectMenu.swift; sourceTree = "<group>"; };
		A320631E25A4BFC00036AC1E /* WarmthFilter.swift */ = {isa = PBXFileReference; fileEncoding = 4; lastKnownFileType = sourcecode.swift; path = WarmthFilter.swift; sourceTree = "<group>"; };
		A320631F25A4BFC00036AC1E /* VigentteFilter.swift */ = {isa = PBXFileReference; fileEncoding = 4; lastKnownFileType = sourcecode.swift; path = VigentteFilter.swift; sourceTree = "<group>"; };
		A320632025A4BFC00036AC1E /* ExposureFilter.swift */ = {isa = PBXFileReference; fileEncoding = 4; lastKnownFileType = sourcecode.swift; path = ExposureFilter.swift; sourceTree = "<group>"; };
		A320632125A4BFC00036AC1E /* BrightnessFilter.swift */ = {isa = PBXFileReference; fileEncoding = 4; lastKnownFileType = sourcecode.swift; path = BrightnessFilter.swift; sourceTree = "<group>"; };
		A320632225A4BFC00036AC1E /* NoiseFilter.swift */ = {isa = PBXFileReference; fileEncoding = 4; lastKnownFileType = sourcecode.swift; path = NoiseFilter.swift; sourceTree = "<group>"; };
		A320632325A4BFC00036AC1E /* VibranceFilter.swift */ = {isa = PBXFileReference; fileEncoding = 4; lastKnownFileType = sourcecode.swift; path = VibranceFilter.swift; sourceTree = "<group>"; };
		A320632425A4BFC00036AC1E /* BlackpointFilter.swift */ = {isa = PBXFileReference; fileEncoding = 4; lastKnownFileType = sourcecode.swift; path = BlackpointFilter.swift; sourceTree = "<group>"; };
		A320632525A4BFC00036AC1E /* TintFilter.swift */ = {isa = PBXFileReference; fileEncoding = 4; lastKnownFileType = sourcecode.swift; path = TintFilter.swift; sourceTree = "<group>"; };
		A320632625A4BFC00036AC1E /* HighlightFilter.swift */ = {isa = PBXFileReference; fileEncoding = 4; lastKnownFileType = sourcecode.swift; path = HighlightFilter.swift; sourceTree = "<group>"; };
		A320632725A4BFC00036AC1E /* BrillianceFilter.swift */ = {isa = PBXFileReference; fileEncoding = 4; lastKnownFileType = sourcecode.swift; path = BrillianceFilter.swift; sourceTree = "<group>"; };
		A320632825A4BFC00036AC1E /* LCFilterMenu.swift */ = {isa = PBXFileReference; fileEncoding = 4; lastKnownFileType = sourcecode.swift; path = LCFilterMenu.swift; sourceTree = "<group>"; };
		A320632925A4BFC00036AC1E /* LCFilter.swift */ = {isa = PBXFileReference; fileEncoding = 4; lastKnownFileType = sourcecode.swift; path = LCFilter.swift; sourceTree = "<group>"; };
		A320632A25A4BFC00036AC1E /* LCFilterCell.swift */ = {isa = PBXFileReference; fileEncoding = 4; lastKnownFileType = sourcecode.swift; path = LCFilterCell.swift; sourceTree = "<group>"; };
		A320632C25A4BFC00036AC1E /* MultiEditorDelegate.swift */ = {isa = PBXFileReference; fileEncoding = 4; lastKnownFileType = sourcecode.swift; path = MultiEditorDelegate.swift; sourceTree = "<group>"; };
		A320632D25A4BFC00036AC1E /* LCEditableView.swift */ = {isa = PBXFileReference; fileEncoding = 4; lastKnownFileType = sourcecode.swift; path = LCEditableView.swift; sourceTree = "<group>"; };
		A320632E25A4BFC00036AC1E /* MultiEditorDefine.swift */ = {isa = PBXFileReference; fileEncoding = 4; lastKnownFileType = sourcecode.swift; path = MultiEditorDefine.swift; sourceTree = "<group>"; };
		A320632F25A4BFC00036AC1E /* MultiEditorExtensions.swift */ = {isa = PBXFileReference; fileEncoding = 4; lastKnownFileType = sourcecode.swift; path = MultiEditorExtensions.swift; sourceTree = "<group>"; };
		A320633025A4BFC00036AC1E /* MultiEditor+Layout.swift */ = {isa = PBXFileReference; fileEncoding = 4; lastKnownFileType = sourcecode.swift; path = "MultiEditor+Layout.swift"; sourceTree = "<group>"; };
		A320633125A4BFC00036AC1E /* LCEditableView+UIScrollView.swift */ = {isa = PBXFileReference; fileEncoding = 4; lastKnownFileType = sourcecode.swift; path = "LCEditableView+UIScrollView.swift"; sourceTree = "<group>"; };
		A320633225A4BFC00036AC1E /* LCMultiImageEditor.swift */ = {isa = PBXFileReference; fileEncoding = 4; lastKnownFileType = sourcecode.swift; path = LCMultiImageEditor.swift; sourceTree = "<group>"; };
		A320633525A4BFC00036AC1E /* LCSegment.swift */ = {isa = PBXFileReference; fileEncoding = 4; lastKnownFileType = sourcecode.swift; path = LCSegment.swift; sourceTree = "<group>"; };
		A320633625A4BFC00036AC1E /* LCSegmentItem.swift */ = {isa = PBXFileReference; fileEncoding = 4; lastKnownFileType = sourcecode.swift; path = LCSegmentItem.swift; sourceTree = "<group>"; };
		A320633725A4BFC00036AC1E /* CustomButton.swift */ = {isa = PBXFileReference; fileEncoding = 4; lastKnownFileType = sourcecode.swift; path = CustomButton.swift; sourceTree = "<group>"; };
		A320633925A4BFC00036AC1E /* HorizontalDial.swift */ = {isa = PBXFileReference; fileEncoding = 4; lastKnownFileType = sourcecode.swift; path = HorizontalDial.swift; sourceTree = "<group>"; };
		A320633A25A4BFC00036AC1E /* LCLoadingView.swift */ = {isa = PBXFileReference; fileEncoding = 4; lastKnownFileType = sourcecode.swift; path = LCLoadingView.swift; sourceTree = "<group>"; };
		A320633C25A4BFC00036AC1E /* LCCropView+UITouch.swift */ = {isa = PBXFileReference; fileEncoding = 4; lastKnownFileType = sourcecode.swift; path = "LCCropView+UITouch.swift"; sourceTree = "<group>"; };
		A320633D25A4BFC00036AC1E /* LCCropView.swift */ = {isa = PBXFileReference; fileEncoding = 4; lastKnownFileType = sourcecode.swift; path = LCCropView.swift; sourceTree = "<group>"; };
		A320633E25A4BFC00036AC1E /* LCCropCornerView.swift */ = {isa = PBXFileReference; fileEncoding = 4; lastKnownFileType = sourcecode.swift; path = LCCropCornerView.swift; sourceTree = "<group>"; };
		A320633F25A4BFC00036AC1E /* LCCropMaskView.swift */ = {isa = PBXFileReference; fileEncoding = 4; lastKnownFileType = sourcecode.swift; path = LCCropMaskView.swift; sourceTree = "<group>"; };
		A320634025A4BFC00036AC1E /* LCCropViewDelegate.swift */ = {isa = PBXFileReference; fileEncoding = 4; lastKnownFileType = sourcecode.swift; path = LCCropViewDelegate.swift; sourceTree = "<group>"; };
		A320634125A4BFC00036AC1E /* LCCropView+AspectRatio.swift */ = {isa = PBXFileReference; fileEncoding = 4; lastKnownFileType = sourcecode.swift; path = "LCCropView+AspectRatio.swift"; sourceTree = "<group>"; };
		A320634225A4BFC00036AC1E /* LCCropView+Lines.swift */ = {isa = PBXFileReference; fileEncoding = 4; lastKnownFileType = sourcecode.swift; path = "LCCropView+Lines.swift"; sourceTree = "<group>"; };
		A320634325A4BFC00036AC1E /* LCCropLine.swift */ = {isa = PBXFileReference; fileEncoding = 4; lastKnownFileType = sourcecode.swift; path = LCCropLine.swift; sourceTree = "<group>"; };
		A320634425A4BFC00036AC1E /* LCCropView+NSLayoutConstraints.swift */ = {isa = PBXFileReference; fileEncoding = 4; lastKnownFileType = sourcecode.swift; path = "LCCropView+NSLayoutConstraints.swift"; sourceTree = "<group>"; };
		A320634625A4BFC00036AC1E /* LCImageView.swift */ = {isa = PBXFileReference; fileEncoding = 4; lastKnownFileType = sourcecode.swift; path = LCImageView.swift; sourceTree = "<group>"; };
		A320634725A4BFC00036AC1E /* LCImageView+UIScrollView.swift */ = {isa = PBXFileReference; fileEncoding = 4; lastKnownFileType = sourcecode.swift; path = "LCImageView+UIScrollView.swift"; sourceTree = "<group>"; };
		A320634825A4BFC00036AC1E /* LCImageViewDelegate.swift */ = {isa = PBXFileReference; fileEncoding = 4; lastKnownFileType = sourcecode.swift; path = LCImageViewDelegate.swift; sourceTree = "<group>"; };
		A320634925A4BFC00036AC1E /* LCImageScrollView.swift */ = {isa = PBXFileReference; fileEncoding = 4; lastKnownFileType = sourcecode.swift; path = LCImageScrollView.swift; sourceTree = "<group>"; };
		A320634A25A4BFC00036AC1E /* LCImageView+UITouch.swift */ = {isa = PBXFileReference; fileEncoding = 4; lastKnownFileType = sourcecode.swift; path = "LCImageView+UITouch.swift"; sourceTree = "<group>"; };
		A320634B25A4BFC00036AC1E /* LCImageView+Mask.swift */ = {isa = PBXFileReference; fileEncoding = 4; lastKnownFileType = sourcecode.swift; path = "LCImageView+Mask.swift"; sourceTree = "<group>"; };
		A320634C25A4BFC00036AC1E /* LCImageView+Radian.swift */ = {isa = PBXFileReference; fileEncoding = 4; lastKnownFileType = sourcecode.swift; path = "LCImageView+Radian.swift"; sourceTree = "<group>"; };
		A320634D25A4BFC00036AC1E /* LCImageContentView.swift */ = {isa = PBXFileReference; fileEncoding = 4; lastKnownFileType = sourcecode.swift; path = LCImageContentView.swift; sourceTree = "<group>"; };
		A320634E25A4BFC00036AC1E /* LCImageView+AspectRatio.swift */ = {isa = PBXFileReference; fileEncoding = 4; lastKnownFileType = sourcecode.swift; path = "LCImageView+AspectRatio.swift"; sourceTree = "<group>"; };
		A320634F25A4BFC00036AC1E /* LCImageView+LCCropView.swift */ = {isa = PBXFileReference; fileEncoding = 4; lastKnownFileType = sourcecode.swift; path = "LCImageView+LCCropView.swift"; sourceTree = "<group>"; };
		A320635025A4BFC00036AC1E /* LCImageView+NSLayoutConstraints.swift */ = {isa = PBXFileReference; fileEncoding = 4; lastKnownFileType = sourcecode.swift; path = "LCImageView+NSLayoutConstraints.swift"; sourceTree = "<group>"; };
		A320635225A4BFC00036AC1E /* LCImageEditor+Radian.swift */ = {isa = PBXFileReference; fileEncoding = 4; lastKnownFileType = sourcecode.swift; path = "LCImageEditor+Radian.swift"; sourceTree = "<group>"; };
		A320635325A4BFC00036AC1E /* LCImageEditor+PhotoLibrary.swift */ = {isa = PBXFileReference; fileEncoding = 4; lastKnownFileType = sourcecode.swift; path = "LCImageEditor+PhotoLibrary.swift"; sourceTree = "<group>"; };
		A320635425A4BFC00036AC1E /* LCRadian.swift */ = {isa = PBXFileReference; fileEncoding = 4; lastKnownFileType = sourcecode.swift; path = LCRadian.swift; sourceTree = "<group>"; };
		A320635525A4BFC00036AC1E /* LCImageEditor+Custom.swift */ = {isa = PBXFileReference; fileEncoding = 4; lastKnownFileType = sourcecode.swift; path = "LCImageEditor+Custom.swift"; sourceTree = "<group>"; };
		A320635625A4BFC00036AC1E /* LCImageEditorExtensions.swift */ = {isa = PBXFileReference; fileEncoding = 4; lastKnownFileType = sourcecode.swift; path = LCImageEditorExtensions.swift; sourceTree = "<group>"; };
		A320635725A4BFC00036AC1E /* LCImageEditorConstants.swift */ = {isa = PBXFileReference; fileEncoding = 4; lastKnownFileType = sourcecode.swift; path = LCImageEditorConstants.swift; sourceTree = "<group>"; };
		A320635825A4BFC00036AC1E /* LCImageEditor+AspectRatio.swift */ = {isa = PBXFileReference; fileEncoding = 4; lastKnownFileType = sourcecode.swift; path = "LCImageEditor+AspectRatio.swift"; sourceTree = "<group>"; };
		A320635A25A4BFC00036AC1E /* ImageEditorVC.swift */ = {isa = PBXFileReference; fileEncoding = 4; lastKnownFileType = sourcecode.swift; path = ImageEditorVC.swift; sourceTree = "<group>"; };
		A320635B25A4BFC00036AC1E /* LCImageEditorDelegate.swift */ = {isa = PBXFileReference; fileEncoding = 4; lastKnownFileType = sourcecode.swift; path = LCImageEditorDelegate.swift; sourceTree = "<group>"; };
		A320635C25A4BFC00036AC1E /* LCImageEditor.swift */ = {isa = PBXFileReference; fileEncoding = 4; lastKnownFileType = sourcecode.swift; path = LCImageEditor.swift; sourceTree = "<group>"; };
		A32063A425A601270036AC1E /* LCMultiImageEditor+NSLayoutConstraints.swift */ = {isa = PBXFileReference; lastKnownFileType = sourcecode.swift; path = "LCMultiImageEditor+NSLayoutConstraints.swift"; sourceTree = "<group>"; };
		A391EA1A25A9EC9C000E9C1B /* PreviewView.swift */ = {isa = PBXFileReference; fileEncoding = 4; lastKnownFileType = sourcecode.swift; path = PreviewView.swift; sourceTree = "<group>"; };
		A391EA1B25A9EC9C000E9C1B /* ColorSlider.swift */ = {isa = PBXFileReference; fileEncoding = 4; lastKnownFileType = sourcecode.swift; path = ColorSlider.swift; sourceTree = "<group>"; };
		A391EA1D25A9EC9C000E9C1B /* Gradient.swift */ = {isa = PBXFileReference; fileEncoding = 4; lastKnownFileType = sourcecode.swift; path = Gradient.swift; sourceTree = "<group>"; };
		A391EA1E25A9EC9C000E9C1B /* ColorSliderExtensions.swift */ = {isa = PBXFileReference; fileEncoding = 4; lastKnownFileType = sourcecode.swift; path = ColorSliderExtensions.swift; sourceTree = "<group>"; };
		A391EA1F25A9EC9C000E9C1B /* HSBColor.swift */ = {isa = PBXFileReference; fileEncoding = 4; lastKnownFileType = sourcecode.swift; path = HSBColor.swift; sourceTree = "<group>"; };
		A391EA2025A9EC9C000E9C1B /* GradientView.swift */ = {isa = PBXFileReference; fileEncoding = 4; lastKnownFileType = sourcecode.swift; path = GradientView.swift; sourceTree = "<group>"; };
		A391EA2125A9EC9C000E9C1B /* DefaultPreviewView.swift */ = {isa = PBXFileReference; fileEncoding = 4; lastKnownFileType = sourcecode.swift; path = DefaultPreviewView.swift; sourceTree = "<group>"; };
		A391EA2925AA83D1000E9C1B /* LCCropToolBar.swift */ = {isa = PBXFileReference; lastKnownFileType = sourcecode.swift; path = LCCropToolBar.swift; sourceTree = "<group>"; };
		A391EA2C25AC78F4000E9C1B /* LCSliderView.swift */ = {isa = PBXFileReference; lastKnownFileType = sourcecode.swift; path = LCSliderView.swift; sourceTree = "<group>"; };
/* End PBXFileReference section */

/* Begin PBXFrameworksBuildPhase section */
		A30F450F256C62B900A0B6D3 /* Frameworks */ = {
			isa = PBXFrameworksBuildPhase;
			buildActionMask = 2147483647;
			files = (
			);
			runOnlyForDeploymentPostprocessing = 0;
		};
/* End PBXFrameworksBuildPhase section */

/* Begin PBXGroup section */
		A30F4509256C62B900A0B6D3 = {
			isa = PBXGroup;
			children = (
				A30F4514256C62B900A0B6D3 /* LCImageEditor */,
				A30F4513256C62B900A0B6D3 /* Products */,
			);
			sourceTree = "<group>";
		};
		A30F4513256C62B900A0B6D3 /* Products */ = {
			isa = PBXGroup;
			children = (
				A30F4512256C62B900A0B6D3 /* LCImageEditorExample.app */,
			);
			name = Products;
			sourceTree = "<group>";
		};
		A30F4514256C62B900A0B6D3 /* LCImageEditor */ = {
			isa = PBXGroup;
			children = (
				A320631625A4BFC00036AC1E /* LCMultiImageEditor */,
				A30F4515256C62B900A0B6D3 /* AppDelegate.swift */,
				A30F4517256C62B900A0B6D3 /* SceneDelegate.swift */,
				A30F4519256C62B900A0B6D3 /* ViewController.swift */,
				A30F451B256C62B900A0B6D3 /* Main.storyboard */,
				A30F451E256C62BA00A0B6D3 /* Assets.xcassets */,
				A30F4520256C62BA00A0B6D3 /* LaunchScreen.storyboard */,
				A30F4523256C62BA00A0B6D3 /* Info.plist */,
			);
			path = LCImageEditor;
			sourceTree = "<group>";
		};
		A320631625A4BFC00036AC1E /* LCMultiImageEditor */ = {
			isa = PBXGroup;
			children = (
				A320631725A4BFC00036AC1E /* LCEffects */,
				A320631C25A4BFC00036AC1E /* LCFilter */,
				A320632B25A4BFC00036AC1E /* MultipleEditor */,
				A320633325A4BFC00036AC1E /* CustomViews */,
				A320633B25A4BFC00036AC1E /* LCCropView */,
				A320634525A4BFC00036AC1E /* LCImageView */,
				A320635125A4BFC00036AC1E /* Helper */,
				A320635925A4BFC00036AC1E /* SingleEditor */,
			);
			name = LCMultiImageEditor;
			path = ../../Sources/LCMultiImageEditor;
			sourceTree = "<group>";
		};
		A320631725A4BFC00036AC1E /* LCEffects */ = {
			isa = PBXGroup;
			children = (
				A320631925A4BFC00036AC1E /* LCEffector.swift */,
				A320631B25A4BFC00036AC1E /* LCEffectMenu.swift */,
				A320631825A4BFC00036AC1E /* ChromaKeyFilter.swift */,
				A320631A25A4BFC00036AC1E /* BlurEyeFilter.swift */,
			);
			path = LCEffects;
			sourceTree = "<group>";
		};
		A320631C25A4BFC00036AC1E /* LCFilter */ = {
			isa = PBXGroup;
			children = (
				A320631D25A4BFC00036AC1E /* Filters */,
				A320632825A4BFC00036AC1E /* LCFilterMenu.swift */,
				A320632925A4BFC00036AC1E /* LCFilter.swift */,
				A320632A25A4BFC00036AC1E /* LCFilterCell.swift */,
			);
			path = LCFilter;
			sourceTree = "<group>";
		};
		A320631D25A4BFC00036AC1E /* Filters */ = {
			isa = PBXGroup;
			children = (
				A320631E25A4BFC00036AC1E /* WarmthFilter.swift */,
				A320631F25A4BFC00036AC1E /* VigentteFilter.swift */,
				A320632025A4BFC00036AC1E /* ExposureFilter.swift */,
				A320632125A4BFC00036AC1E /* BrightnessFilter.swift */,
				A320632225A4BFC00036AC1E /* NoiseFilter.swift */,
				A320632325A4BFC00036AC1E /* VibranceFilter.swift */,
				A320632425A4BFC00036AC1E /* BlackpointFilter.swift */,
				A320632525A4BFC00036AC1E /* TintFilter.swift */,
				A320632625A4BFC00036AC1E /* HighlightFilter.swift */,
				A320632725A4BFC00036AC1E /* BrillianceFilter.swift */,
			);
			path = Filters;
			sourceTree = "<group>";
		};
		A320632B25A4BFC00036AC1E /* MultipleEditor */ = {
			isa = PBXGroup;
			children = (
				A320633225A4BFC00036AC1E /* LCMultiImageEditor.swift */,
				A320632C25A4BFC00036AC1E /* MultiEditorDelegate.swift */,
				A320632E25A4BFC00036AC1E /* MultiEditorDefine.swift */,
				A320632F25A4BFC00036AC1E /* MultiEditorExtensions.swift */,
				A320633025A4BFC00036AC1E /* MultiEditor+Layout.swift */,
				A32063A425A601270036AC1E /* LCMultiImageEditor+NSLayoutConstraints.swift */,
				A320632D25A4BFC00036AC1E /* LCEditableView.swift */,
				A320633125A4BFC00036AC1E /* LCEditableView+UIScrollView.swift */,
			);
			path = MultipleEditor;
			sourceTree = "<group>";
		};
		A320633325A4BFC00036AC1E /* CustomViews */ = {
			isa = PBXGroup;
			children = (
				A391EA1925A9EC9C000E9C1B /* GradientColorSlider */,
				A320633825A4BFC00036AC1E /* HorizontalDial */,
				A320633425A4BFC00036AC1E /* LCSegmentControl */,
				A320633725A4BFC00036AC1E /* CustomButton.swift */,
				A320633A25A4BFC00036AC1E /* LCLoadingView.swift */,
				A391EA2925AA83D1000E9C1B /* LCCropToolBar.swift */,
				A391EA2C25AC78F4000E9C1B /* LCSliderView.swift */,
				A3155D4F25AD3AA800897E99 /* ImageViewZoom.swift */,
			);
			path = CustomViews;
			sourceTree = "<group>";
		};
		A320633425A4BFC00036AC1E /* LCSegmentControl */ = {
			isa = PBXGroup;
			children = (
				A320633525A4BFC00036AC1E /* LCSegment.swift */,
				A320633625A4BFC00036AC1E /* LCSegmentItem.swift */,
			);
			path = LCSegmentControl;
			sourceTree = "<group>";
		};
		A320633825A4BFC00036AC1E /* HorizontalDial */ = {
			isa = PBXGroup;
			children = (
				A320633925A4BFC00036AC1E /* HorizontalDial.swift */,
			);
			path = HorizontalDial;
			sourceTree = "<group>";
		};
		A320633B25A4BFC00036AC1E /* LCCropView */ = {
			isa = PBXGroup;
			children = (
				A320633C25A4BFC00036AC1E /* LCCropView+UITouch.swift */,
				A320633D25A4BFC00036AC1E /* LCCropView.swift */,
				A320633E25A4BFC00036AC1E /* LCCropCornerView.swift */,
				A320633F25A4BFC00036AC1E /* LCCropMaskView.swift */,
				A320634025A4BFC00036AC1E /* LCCropViewDelegate.swift */,
				A320634125A4BFC00036AC1E /* LCCropView+AspectRatio.swift */,
				A320634225A4BFC00036AC1E /* LCCropView+Lines.swift */,
				A320634325A4BFC00036AC1E /* LCCropLine.swift */,
				A320634425A4BFC00036AC1E /* LCCropView+NSLayoutConstraints.swift */,
			);
			path = LCCropView;
			sourceTree = "<group>";
		};
		A320634525A4BFC00036AC1E /* LCImageView */ = {
			isa = PBXGroup;
			children = (
				A320634625A4BFC00036AC1E /* LCImageView.swift */,
				A320634725A4BFC00036AC1E /* LCImageView+UIScrollView.swift */,
				A320634825A4BFC00036AC1E /* LCImageViewDelegate.swift */,
				A320634925A4BFC00036AC1E /* LCImageScrollView.swift */,
				A320634A25A4BFC00036AC1E /* LCImageView+UITouch.swift */,
				A320634B25A4BFC00036AC1E /* LCImageView+Mask.swift */,
				A320634C25A4BFC00036AC1E /* LCImageView+Radian.swift */,
				A320634D25A4BFC00036AC1E /* LCImageContentView.swift */,
				A320634E25A4BFC00036AC1E /* LCImageView+AspectRatio.swift */,
				A320634F25A4BFC00036AC1E /* LCImageView+LCCropView.swift */,
				A320635025A4BFC00036AC1E /* LCImageView+NSLayoutConstraints.swift */,
			);
			path = LCImageView;
			sourceTree = "<group>";
		};
		A320635125A4BFC00036AC1E /* Helper */ = {
			isa = PBXGroup;
			children = (
				A320635225A4BFC00036AC1E /* LCImageEditor+Radian.swift */,
				A320635325A4BFC00036AC1E /* LCImageEditor+PhotoLibrary.swift */,
				A320635425A4BFC00036AC1E /* LCRadian.swift */,
				A320635525A4BFC00036AC1E /* LCImageEditor+Custom.swift */,
				A320635625A4BFC00036AC1E /* LCImageEditorExtensions.swift */,
				A320635725A4BFC00036AC1E /* LCImageEditorConstants.swift */,
				A320635825A4BFC00036AC1E /* LCImageEditor+AspectRatio.swift */,
			);
			path = Helper;
			sourceTree = "<group>";
		};
		A320635925A4BFC00036AC1E /* SingleEditor */ = {
			isa = PBXGroup;
			children = (
				A320635A25A4BFC00036AC1E /* ImageEditorVC.swift */,
				A320635B25A4BFC00036AC1E /* LCImageEditorDelegate.swift */,
				A320635C25A4BFC00036AC1E /* LCImageEditor.swift */,
			);
			path = SingleEditor;
			sourceTree = "<group>";
		};
		A391EA1925A9EC9C000E9C1B /* GradientColorSlider */ = {
			isa = PBXGroup;
			children = (
				A391EA1A25A9EC9C000E9C1B /* PreviewView.swift */,
				A391EA1B25A9EC9C000E9C1B /* ColorSlider.swift */,
				A391EA1C25A9EC9C000E9C1B /* Internal */,
				A391EA2025A9EC9C000E9C1B /* GradientView.swift */,
				A391EA2125A9EC9C000E9C1B /* DefaultPreviewView.swift */,
			);
			path = GradientColorSlider;
			sourceTree = "<group>";
		};
		A391EA1C25A9EC9C000E9C1B /* Internal */ = {
			isa = PBXGroup;
			children = (
				A391EA1D25A9EC9C000E9C1B /* Gradient.swift */,
				A391EA1E25A9EC9C000E9C1B /* ColorSliderExtensions.swift */,
				A391EA1F25A9EC9C000E9C1B /* HSBColor.swift */,
			);
			path = Internal;
			sourceTree = "<group>";
		};
/* End PBXGroup section */

/* Begin PBXNativeTarget section */
		A30F4511256C62B900A0B6D3 /* LCImageEditorExample */ = {
			isa = PBXNativeTarget;
			buildConfigurationList = A30F4526256C62BA00A0B6D3 /* Build configuration list for PBXNativeTarget "LCImageEditorExample" */;
			buildPhases = (
				A30F450E256C62B900A0B6D3 /* Sources */,
				A30F450F256C62B900A0B6D3 /* Frameworks */,
				A30F4510256C62B900A0B6D3 /* Resources */,
			);
			buildRules = (
			);
			dependencies = (
			);
			name = LCImageEditorExample;
			productName = LCImageEditor;
			productReference = A30F4512256C62B900A0B6D3 /* LCImageEditorExample.app */;
			productType = "com.apple.product-type.application";
		};
/* End PBXNativeTarget section */

/* Begin PBXProject section */
		A30F450A256C62B900A0B6D3 /* Project object */ = {
			isa = PBXProject;
			attributes = {
				LastSwiftUpdateCheck = 1100;
				LastUpgradeCheck = 1100;
				ORGANIZATIONNAME = LuckyClub;
				TargetAttributes = {
					A30F4511256C62B900A0B6D3 = {
						CreatedOnToolsVersion = 11.0;
					};
				};
			};
			buildConfigurationList = A30F450D256C62B900A0B6D3 /* Build configuration list for PBXProject "LCImageEditorExample" */;
			compatibilityVersion = "Xcode 9.3";
			developmentRegion = en;
			hasScannedForEncodings = 0;
			knownRegions = (
				en,
				Base,
			);
			mainGroup = A30F4509256C62B900A0B6D3;
			productRefGroup = A30F4513256C62B900A0B6D3 /* Products */;
			projectDirPath = "";
			projectRoot = "";
			targets = (
				A30F4511256C62B900A0B6D3 /* LCImageEditorExample */,
			);
		};
/* End PBXProject section */

/* Begin PBXResourcesBuildPhase section */
		A30F4510256C62B900A0B6D3 /* Resources */ = {
			isa = PBXResourcesBuildPhase;
			buildActionMask = 2147483647;
			files = (
				A30F4522256C62BA00A0B6D3 /* LaunchScreen.storyboard in Resources */,
				A30F451F256C62BA00A0B6D3 /* Assets.xcassets in Resources */,
				A30F451D256C62B900A0B6D3 /* Main.storyboard in Resources */,
			);
			runOnlyForDeploymentPostprocessing = 0;
		};
/* End PBXResourcesBuildPhase section */

/* Begin PBXSourcesBuildPhase section */
		A30F450E256C62B900A0B6D3 /* Sources */ = {
			isa = PBXSourcesBuildPhase;
			buildActionMask = 2147483647;
			files = (
				A320636725A4BFC10036AC1E /* BlackpointFilter.swift in Sources */,
				A320637F25A4BFC10036AC1E /* LCCropView+AspectRatio.swift in Sources */,
				A391EA2D25AC78F4000E9C1B /* LCSliderView.swift in Sources */,
				A320638E25A4BFC10036AC1E /* LCImageEditor+Radian.swift in Sources */,
				A320639025A4BFC10036AC1E /* LCRadian.swift in Sources */,
				A320637C25A4BFC10036AC1E /* LCCropCornerView.swift in Sources */,
				A320638F25A4BFC10036AC1E /* LCImageEditor+PhotoLibrary.swift in Sources */,
				A391EA2A25AA83D1000E9C1B /* LCCropToolBar.swift in Sources */,
				A320638725A4BFC10036AC1E /* LCImageView+UITouch.swift in Sources */,
				A320639625A4BFC10036AC1E /* LCImageEditorDelegate.swift in Sources */,
				A320637425A4BFC10036AC1E /* LCMultiImageEditor.swift in Sources */,
				A320636825A4BFC10036AC1E /* TintFilter.swift in Sources */,
				A320635F25A4BFC10036AC1E /* BlurEyeFilter.swift in Sources */,
				A320638125A4BFC10036AC1E /* LCCropLine.swift in Sources */,
				A320636A25A4BFC10036AC1E /* BrillianceFilter.swift in Sources */,
				A30F451A256C62B900A0B6D3 /* ViewController.swift in Sources */,
				A320639525A4BFC10036AC1E /* ImageEditorVC.swift in Sources */,
				A320637825A4BFC10036AC1E /* HorizontalDial.swift in Sources */,
				A320637225A4BFC10036AC1E /* MultiEditor+Layout.swift in Sources */,
				A320639325A4BFC10036AC1E /* LCImageEditorConstants.swift in Sources */,
				A320637D25A4BFC10036AC1E /* LCCropMaskView.swift in Sources */,
				A320636425A4BFC10036AC1E /* BrightnessFilter.swift in Sources */,
				A320638225A4BFC10036AC1E /* LCCropView+NSLayoutConstraints.swift in Sources */,
				A320637025A4BFC10036AC1E /* MultiEditorDefine.swift in Sources */,
				A320635D25A4BFC10036AC1E /* ChromaKeyFilter.swift in Sources */,
				A320636225A4BFC10036AC1E /* VigentteFilter.swift in Sources */,
				A320636625A4BFC10036AC1E /* VibranceFilter.swift in Sources */,
				A320636B25A4BFC10036AC1E /* LCFilterMenu.swift in Sources */,
				A391EA2325A9EC9C000E9C1B /* ColorSlider.swift in Sources */,
				A320637A25A4BFC10036AC1E /* LCCropView+UITouch.swift in Sources */,
				A320636325A4BFC10036AC1E /* ExposureFilter.swift in Sources */,
				A320637725A4BFC10036AC1E /* CustomButton.swift in Sources */,
				A320639225A4BFC10036AC1E /* LCImageEditorExtensions.swift in Sources */,
				A320636025A4BFC10036AC1E /* LCEffectMenu.swift in Sources */,
				A320638625A4BFC10036AC1E /* LCImageScrollView.swift in Sources */,
				A320635E25A4BFC10036AC1E /* LCEffector.swift in Sources */,
				A32063A525A601270036AC1E /* LCMultiImageEditor+NSLayoutConstraints.swift in Sources */,
				A320638925A4BFC10036AC1E /* LCImageView+Radian.swift in Sources */,
				A391EA2525A9EC9C000E9C1B /* ColorSliderExtensions.swift in Sources */,
				A320636525A4BFC10036AC1E /* NoiseFilter.swift in Sources */,
				A30F4516256C62B900A0B6D3 /* AppDelegate.swift in Sources */,
				A320638825A4BFC10036AC1E /* LCImageView+Mask.swift in Sources */,
				A320637B25A4BFC10036AC1E /* LCCropView.swift in Sources */,
				A320638B25A4BFC10036AC1E /* LCImageView+AspectRatio.swift in Sources */,
				A391EA2425A9EC9C000E9C1B /* Gradient.swift in Sources */,
				A320637E25A4BFC10036AC1E /* LCCropViewDelegate.swift in Sources */,
				A391EA2225A9EC9C000E9C1B /* PreviewView.swift in Sources */,
				A320637125A4BFC10036AC1E /* MultiEditorExtensions.swift in Sources */,
				A320638325A4BFC10036AC1E /* LCImageView.swift in Sources */,
				A391EA2725A9EC9C000E9C1B /* GradientView.swift in Sources */,
				A320636C25A4BFC10036AC1E /* LCFilter.swift in Sources */,
				A391EA2825A9EC9C000E9C1B /* DefaultPreviewView.swift in Sources */,
				A320638C25A4BFC10036AC1E /* LCImageView+LCCropView.swift in Sources */,
				A320637925A4BFC10036AC1E /* LCLoadingView.swift in Sources */,
				A320639725A4BFC10036AC1E /* LCImageEditor.swift in Sources */,
				A320638525A4BFC10036AC1E /* LCImageViewDelegate.swift in Sources */,
				A320638025A4BFC10036AC1E /* LCCropView+Lines.swift in Sources */,
				A320637325A4BFC10036AC1E /* LCEditableView+UIScrollView.swift in Sources */,
				A3155D5025AD3AA800897E99 /* ImageViewZoom.swift in Sources */,
				A320639125A4BFC10036AC1E /* LCImageEditor+Custom.swift in Sources */,
				A320636125A4BFC10036AC1E /* WarmthFilter.swift in Sources */,
				A320636E25A4BFC10036AC1E /* MultiEditorDelegate.swift in Sources */,
				A320638D25A4BFC10036AC1E /* LCImageView+NSLayoutConstraints.swift in Sources */,
				A320638425A4BFC10036AC1E /* LCImageView+UIScrollView.swift in Sources */,
				A320639425A4BFC10036AC1E /* LCImageEditor+AspectRatio.swift in Sources */,
				A320637625A4BFC10036AC1E /* LCSegmentItem.swift in Sources */,
				A391EA2625A9EC9C000E9C1B /* HSBColor.swift in Sources */,
				A320636925A4BFC10036AC1E /* HighlightFilter.swift in Sources */,
				A320638A25A4BFC10036AC1E /* LCImageContentView.swift in Sources */,
				A320637525A4BFC10036AC1E /* LCSegment.swift in Sources */,
				A320636F25A4BFC10036AC1E /* LCEditableView.swift in Sources */,
				A320636D25A4BFC10036AC1E /* LCFilterCell.swift in Sources */,
				A30F4518256C62B900A0B6D3 /* SceneDelegate.swift in Sources */,
			);
			runOnlyForDeploymentPostprocessing = 0;
		};
/* End PBXSourcesBuildPhase section */

/* Begin PBXVariantGroup section */
		A30F451B256C62B900A0B6D3 /* Main.storyboard */ = {
			isa = PBXVariantGroup;
			children = (
				A30F451C256C62B900A0B6D3 /* Base */,
			);
			name = Main.storyboard;
			sourceTree = "<group>";
		};
		A30F4520256C62BA00A0B6D3 /* LaunchScreen.storyboard */ = {
			isa = PBXVariantGroup;
			children = (
				A30F4521256C62BA00A0B6D3 /* Base */,
			);
			name = LaunchScreen.storyboard;
			sourceTree = "<group>";
		};
/* End PBXVariantGroup section */

/* Begin XCBuildConfiguration section */
		A30F4524256C62BA00A0B6D3 /* Debug */ = {
			isa = XCBuildConfiguration;
			buildSettings = {
				ALWAYS_SEARCH_USER_PATHS = NO;
				CLANG_ANALYZER_NONNULL = YES;
				CLANG_ANALYZER_NUMBER_OBJECT_CONVERSION = YES_AGGRESSIVE;
				CLANG_CXX_LANGUAGE_STANDARD = "gnu++14";
				CLANG_CXX_LIBRARY = "libc++";
				CLANG_ENABLE_MODULES = YES;
				CLANG_ENABLE_OBJC_ARC = YES;
				CLANG_ENABLE_OBJC_WEAK = YES;
				CLANG_WARN_BLOCK_CAPTURE_AUTORELEASING = YES;
				CLANG_WARN_BOOL_CONVERSION = YES;
				CLANG_WARN_COMMA = YES;
				CLANG_WARN_CONSTANT_CONVERSION = YES;
				CLANG_WARN_DEPRECATED_OBJC_IMPLEMENTATIONS = YES;
				CLANG_WARN_DIRECT_OBJC_ISA_USAGE = YES_ERROR;
				CLANG_WARN_DOCUMENTATION_COMMENTS = YES;
				CLANG_WARN_EMPTY_BODY = YES;
				CLANG_WARN_ENUM_CONVERSION = YES;
				CLANG_WARN_INFINITE_RECURSION = YES;
				CLANG_WARN_INT_CONVERSION = YES;
				CLANG_WARN_NON_LITERAL_NULL_CONVERSION = YES;
				CLANG_WARN_OBJC_IMPLICIT_RETAIN_SELF = YES;
				CLANG_WARN_OBJC_LITERAL_CONVERSION = YES;
				CLANG_WARN_OBJC_ROOT_CLASS = YES_ERROR;
				CLANG_WARN_RANGE_LOOP_ANALYSIS = YES;
				CLANG_WARN_STRICT_PROTOTYPES = YES;
				CLANG_WARN_SUSPICIOUS_MOVE = YES;
				CLANG_WARN_UNGUARDED_AVAILABILITY = YES_AGGRESSIVE;
				CLANG_WARN_UNREACHABLE_CODE = YES;
				CLANG_WARN__DUPLICATE_METHOD_MATCH = YES;
				COPY_PHASE_STRIP = NO;
				DEBUG_INFORMATION_FORMAT = dwarf;
				ENABLE_STRICT_OBJC_MSGSEND = YES;
				ENABLE_TESTABILITY = YES;
				GCC_C_LANGUAGE_STANDARD = gnu11;
				GCC_DYNAMIC_NO_PIC = NO;
				GCC_NO_COMMON_BLOCKS = YES;
				GCC_OPTIMIZATION_LEVEL = 0;
				GCC_PREPROCESSOR_DEFINITIONS = (
					"DEBUG=1",
					"$(inherited)",
				);
				GCC_WARN_64_TO_32_BIT_CONVERSION = YES;
				GCC_WARN_ABOUT_RETURN_TYPE = YES_ERROR;
				GCC_WARN_UNDECLARED_SELECTOR = YES;
				GCC_WARN_UNINITIALIZED_AUTOS = YES_AGGRESSIVE;
				GCC_WARN_UNUSED_FUNCTION = YES;
				GCC_WARN_UNUSED_VARIABLE = YES;
				IPHONEOS_DEPLOYMENT_TARGET = 13.0;
				MTL_ENABLE_DEBUG_INFO = INCLUDE_SOURCE;
				MTL_FAST_MATH = YES;
				ONLY_ACTIVE_ARCH = YES;
				SDKROOT = iphoneos;
				SWIFT_ACTIVE_COMPILATION_CONDITIONS = DEBUG;
				SWIFT_OPTIMIZATION_LEVEL = "-Onone";
			};
			name = Debug;
		};
		A30F4525256C62BA00A0B6D3 /* Release */ = {
			isa = XCBuildConfiguration;
			buildSettings = {
				ALWAYS_SEARCH_USER_PATHS = NO;
				CLANG_ANALYZER_NONNULL = YES;
				CLANG_ANALYZER_NUMBER_OBJECT_CONVERSION = YES_AGGRESSIVE;
				CLANG_CXX_LANGUAGE_STANDARD = "gnu++14";
				CLANG_CXX_LIBRARY = "libc++";
				CLANG_ENABLE_MODULES = YES;
				CLANG_ENABLE_OBJC_ARC = YES;
				CLANG_ENABLE_OBJC_WEAK = YES;
				CLANG_WARN_BLOCK_CAPTURE_AUTORELEASING = YES;
				CLANG_WARN_BOOL_CONVERSION = YES;
				CLANG_WARN_COMMA = YES;
				CLANG_WARN_CONSTANT_CONVERSION = YES;
				CLANG_WARN_DEPRECATED_OBJC_IMPLEMENTATIONS = YES;
				CLANG_WARN_DIRECT_OBJC_ISA_USAGE = YES_ERROR;
				CLANG_WARN_DOCUMENTATION_COMMENTS = YES;
				CLANG_WARN_EMPTY_BODY = YES;
				CLANG_WARN_ENUM_CONVERSION = YES;
				CLANG_WARN_INFINITE_RECURSION = YES;
				CLANG_WARN_INT_CONVERSION = YES;
				CLANG_WARN_NON_LITERAL_NULL_CONVERSION = YES;
				CLANG_WARN_OBJC_IMPLICIT_RETAIN_SELF = YES;
				CLANG_WARN_OBJC_LITERAL_CONVERSION = YES;
				CLANG_WARN_OBJC_ROOT_CLASS = YES_ERROR;
				CLANG_WARN_RANGE_LOOP_ANALYSIS = YES;
				CLANG_WARN_STRICT_PROTOTYPES = YES;
				CLANG_WARN_SUSPICIOUS_MOVE = YES;
				CLANG_WARN_UNGUARDED_AVAILABILITY = YES_AGGRESSIVE;
				CLANG_WARN_UNREACHABLE_CODE = YES;
				CLANG_WARN__DUPLICATE_METHOD_MATCH = YES;
				COPY_PHASE_STRIP = NO;
				DEBUG_INFORMATION_FORMAT = "dwarf-with-dsym";
				ENABLE_NS_ASSERTIONS = NO;
				ENABLE_STRICT_OBJC_MSGSEND = YES;
				GCC_C_LANGUAGE_STANDARD = gnu11;
				GCC_NO_COMMON_BLOCKS = YES;
				GCC_WARN_64_TO_32_BIT_CONVERSION = YES;
				GCC_WARN_ABOUT_RETURN_TYPE = YES_ERROR;
				GCC_WARN_UNDECLARED_SELECTOR = YES;
				GCC_WARN_UNINITIALIZED_AUTOS = YES_AGGRESSIVE;
				GCC_WARN_UNUSED_FUNCTION = YES;
				GCC_WARN_UNUSED_VARIABLE = YES;
				IPHONEOS_DEPLOYMENT_TARGET = 13.0;
				MTL_ENABLE_DEBUG_INFO = NO;
				MTL_FAST_MATH = YES;
				SDKROOT = iphoneos;
				SWIFT_COMPILATION_MODE = wholemodule;
				SWIFT_OPTIMIZATION_LEVEL = "-O";
				VALIDATE_PRODUCT = YES;
			};
			name = Release;
		};
		A30F4527256C62BA00A0B6D3 /* Debug */ = {
			isa = XCBuildConfiguration;
			buildSettings = {
				ASSETCATALOG_COMPILER_APPICON_NAME = AppIcon;
				CODE_SIGN_IDENTITY = "iPhone Distribution";
				CODE_SIGN_STYLE = Manual;
				CURRENT_PROJECT_VERSION = 1.0.1;
				DEVELOPMENT_TEAM = A78FA7DXLL;
				INFOPLIST_FILE = LCImageEditor/Info.plist;
				IPHONEOS_DEPLOYMENT_TARGET = 13.0;
				LD_RUNPATH_SEARCH_PATHS = (
					"$(inherited)",
					"@executable_path/Frameworks",
				);
				PRODUCT_BUNDLE_IDENTIFIER = com.lucky.test;
				PRODUCT_NAME = "$(TARGET_NAME)";
				PROVISIONING_PROFILE_SPECIFIER = testAdhoc;
				SWIFT_VERSION = 5.0;
				TARGETED_DEVICE_FAMILY = "1,2";
			};
			name = Debug;
		};
		A30F4528256C62BA00A0B6D3 /* Release */ = {
			isa = XCBuildConfiguration;
			buildSettings = {
				ASSETCATALOG_COMPILER_APPICON_NAME = AppIcon;
				CODE_SIGN_IDENTITY = "iPhone Distribution";
				CODE_SIGN_STYLE = Manual;
				CURRENT_PROJECT_VERSION = 1.0.1;
				DEVELOPMENT_TEAM = A78FA7DXLL;
				INFOPLIST_FILE = LCImageEditor/Info.plist;
				IPHONEOS_DEPLOYMENT_TARGET = 13.0;
				LD_RUNPATH_SEARCH_PATHS = (
					"$(inherited)",
					"@executable_path/Frameworks",
				);
				PRODUCT_BUNDLE_IDENTIFIER = com.lucky.test;
				PRODUCT_NAME = "$(TARGET_NAME)";
				PROVISIONING_PROFILE_SPECIFIER = testAdhoc;
				SWIFT_VERSION = 5.0;
				TARGETED_DEVICE_FAMILY = "1,2";
			};
			name = Release;
		};
/* End XCBuildConfiguration section */

/* Begin XCConfigurationList section */
		A30F450D256C62B900A0B6D3 /* Build configuration list for PBXProject "LCImageEditorExample" */ = {
			isa = XCConfigurationList;
			buildConfigurations = (
				A30F4524256C62BA00A0B6D3 /* Debug */,
				A30F4525256C62BA00A0B6D3 /* Release */,
			);
			defaultConfigurationIsVisible = 0;
			defaultConfigurationName = Release;
		};
		A30F4526256C62BA00A0B6D3 /* Build configuration list for PBXNativeTarget "LCImageEditorExample" */ = {
			isa = XCConfigurationList;
			buildConfigurations = (
				A30F4527256C62BA00A0B6D3 /* Debug */,
				A30F4528256C62BA00A0B6D3 /* Release */,
			);
			defaultConfigurationIsVisible = 0;
			defaultConfigurationName = Release;
		};
/* End XCConfigurationList section */
	};
	rootObject = A30F450A256C62B900A0B6D3 /* Project object */;
}
